
Microsoft Visual Studio Solution File, Format Version 12.00
# Visual Studio Version 17
VisualStudioVersion = 17.14.36203.30 d17.14
MinimumVisualStudioVersion = 10.0.40219.1
Project("{FAE04EC0-301F-11D3-BF4B-00C04F79EFBC}") = "RW.Service.Mathematics", "RW.Service.Mathematics.csproj", "{A28B1D8D-634D-4AF1-B614-7148D20BD33C}"
EndProject
Global
	GlobalSection(SolutionConfigurationPlatforms) = preSolution
		Debug|Any CPU = Debug|Any CPU
		Release|Any CPU = Release|Any CPU
	EndGlobalSection
	GlobalSection(ProjectConfigurationPlatforms) = postSolution
		{A28B1D8D-634D-4AF1-B614-7148D20BD33C}.Debug|Any CPU.ActiveCfg = Debug|Any CPU
		{A28B1D8D-634D-4AF1-B614-7148D20BD33C}.Debug|Any CPU.Build.0 = Debug|Any CPU
		{A28B1D8D-634D-4AF1-B614-7148D20BD33C}.Release|Any CPU.ActiveCfg = Release|Any CPU
		{A28B1D8D-634D-4AF1-B614-7148D20BD33C}.Release|Any CPU.Build.0 = Release|Any CPU
	EndGlobalSection
	GlobalSection(SolutionProperties) = preSolution
		HideSolutionNode = FALSE
	EndGlobalSection
	GlobalSection(ExtensibilityGlobals) = postSolution
		SolutionGuid = {A5332186-890A-4D81-BCA5-96F13C6DA260}
	EndGlobalSection
EndGlobal
